
Microsoft Visual Studio Solution File, Format Version 12.00
# Visual Studio Version 17
VisualStudioVersion = 17.7.34024.191
MinimumVisualStudioVersion = 10.0.40219.1
Project("{9A19103F-16F7-4668-BE54-9A1E7A4F7556}") = "Aspapi", "Aspapi\Aspapi.csproj", "{F4A2DD8B-B88D-4C5C-B7A7-561D8F29279A}"
	ProjectSection(ProjectDependencies) = postProject
		{8AB20DE4-2B65-477D-B7DD-172608424CA9} = {8AB20DE4-2B65-477D-B7DD-172608424CA9}
	EndProjectSection
EndProject
Project("{9A19103F-16F7-4668-BE54-9A1E7A4F7556}") = "WorldCities", "WorldCities\WorldCities.csproj", "{8AB20DE4-2B65-477D-B7DD-172608424CA9}"
EndProject
Global
	GlobalSection(SolutionConfigurationPlatforms) = preSolution
		Debug|Any CPU = Debug|Any CPU
		Release|Any CPU = Release|Any CPU
	EndGlobalSection
	GlobalSection(ProjectConfigurationPlatforms) = postSolution
		{F4A2DD8B-B88D-4C5C-B7A7-561D8F29279A}.Debug|Any CPU.ActiveCfg = Debug|Any CPU
		{F4A2DD8B-B88D-4C5C-B7A7-561D8F29279A}.Debug|Any CPU.Build.0 = Debug|Any CPU
		{F4A2DD8B-B88D-4C5C-B7A7-561D8F29279A}.Release|Any CPU.ActiveCfg = Release|Any CPU
		{F4A2DD8B-B88D-4C5C-B7A7-561D8F29279A}.Release|Any CPU.Build.0 = Release|Any CPU
		{8AB20DE4-2B65-477D-B7DD-172608424CA9}.Debug|Any CPU.ActiveCfg = Debug|Any CPU
		{8AB20DE4-2B65-477D-B7DD-172608424CA9}.Debug|Any CPU.Build.0 = Debug|Any CPU
		{8AB20DE4-2B65-477D-B7DD-172608424CA9}.Release|Any CPU.ActiveCfg = Release|Any CPU
		{8AB20DE4-2B65-477D-B7DD-172608424CA9}.Release|Any CPU.Build.0 = Release|Any CPU
	EndGlobalSection
	GlobalSection(SolutionProperties) = preSolution
		HideSolutionNode = FALSE
	EndGlobalSection
	GlobalSection(ExtensibilityGlobals) = postSolution
		SolutionGuid = {35AFF0EC-EB5F-479E-B036-70561722839E}
	EndGlobalSection
EndGlobal
